
Microsoft Visual Studio Solution File, Format Version 12.00
# Visual Studio Version 16
VisualStudioVersion = 16.0.31321.278
MinimumVisualStudioVersion = 10.0.40219.1
Project("{FAE04EC0-301F-11D3-BF4B-00C04F79EFBC}") = "WPF_ADO_Learning", "WPF_ADO_Learning.csproj", "{1C70812C-4F4E-4677-9725-0E331D2AC7F9}"
EndProject
Global
	GlobalSection(SolutionConfigurationPlatforms) = preSolution
		Debug|Any CPU = Debug|Any CPU
		Release|Any CPU = Release|Any CPU
	EndGlobalSection
	GlobalSection(ProjectConfigurationPlatforms) = postSolution
		{1C70812C-4F4E-4677-9725-0E331D2AC7F9}.Debug|Any CPU.ActiveCfg = Debug|Any CPU
		{1C70812C-4F4E-4677-9725-0E331D2AC7F9}.Debug|Any CPU.Build.0 = Debug|Any CPU
		{1C70812C-4F4E-4677-9725-0E331D2AC7F9}.Release|Any CPU.ActiveCfg = Release|Any CPU
		{1C70812C-4F4E-4677-9725-0E331D2AC7F9}.Release|Any CPU.Build.0 = Release|Any CPU
	EndGlobalSection
	GlobalSection(SolutionProperties) = preSolution
		HideSolutionNode = FALSE
	EndGlobalSection
	GlobalSection(ExtensibilityGlobals) = postSolution
		SolutionGuid = {32972FB6-D8E1-4BF7-BC17-1572FC9BC007}
	EndGlobalSection
EndGlobal
